
Microsoft Visual Studio Solution File, Format Version 12.00
# Visual Studio 15
VisualStudioVersion = 15.0.27703.2026
MinimumVisualStudioVersion = 10.0.40219.1
Project("{FAE04EC0-301F-11D3-BF4B-00C04F79EFBC}") = "SolrPump.Net", "SolrPump.Net\SolrPump.Net.csproj", "{47589A7A-5E04-4A5A-8EB9-E796DCB2773D}"
EndProject
Global
	GlobalSection(SolutionConfigurationPlatforms) = preSolution
		Debug|Any CPU = Debug|Any CPU
		Release|Any CPU = Release|Any CPU
	EndGlobalSection
	GlobalSection(ProjectConfigurationPlatforms) = postSolution
		{47589A7A-5E04-4A5A-8EB9-E796DCB2773D}.Debug|Any CPU.ActiveCfg = Debug|Any CPU
		{47589A7A-5E04-4A5A-8EB9-E796DCB2773D}.Debug|Any CPU.Build.0 = Debug|Any CPU
		{47589A7A-5E04-4A5A-8EB9-E796DCB2773D}.Release|Any CPU.ActiveCfg = Release|Any CPU
		{47589A7A-5E04-4A5A-8EB9-E796DCB2773D}.Release|Any CPU.Build.0 = Release|Any CPU
	EndGlobalSection
	GlobalSection(SolutionProperties) = preSolution
		HideSolutionNode = FALSE
	EndGlobalSection
	GlobalSection(ExtensibilityGlobals) = postSolution
		SolutionGuid = {01F99628-E91F-4804-9C44-D4CB667BDD9B}
	EndGlobalSection
EndGlobal
